// !$*UTF8*$!
{
	archiveVersion = 1;
	classes = {
	};
	objectVersion = 46;
	objects = {

/* Begin PBXBuildFile section */
		9F68020C1DBF5252005D9CCB /* Terpentin.framework in Frameworks */ = {isa = PBXBuildFile; fileRef = 9F6802021DBF5252005D9CCB /* Terpentin.framework */; };
		9F6802111DBF5252005D9CCB /* TerpentinTests.swift in Sources */ = {isa = PBXBuildFile; fileRef = 9F6802101DBF5252005D9CCB /* TerpentinTests.swift */; };
		9F6802131DBF5252005D9CCB /* Terpentin.h in Headers */ = {isa = PBXBuildFile; fileRef = 9F6802051DBF5252005D9CCB /* Terpentin.h */; settings = {ATTRIBUTES = (Public, ); }; };
		9F6802231DBF5276005D9CCB /* AppDelegate.swift in Sources */ = {isa = PBXBuildFile; fileRef = 9F6802221DBF5276005D9CCB /* AppDelegate.swift */; };
		9F6802251DBF5276005D9CCB /* ViewController.swift in Sources */ = {isa = PBXBuildFile; fileRef = 9F6802241DBF5276005D9CCB /* ViewController.swift */; };
		9F68022A1DBF5276005D9CCB /* Assets.xcassets in Resources */ = {isa = PBXBuildFile; fileRef = 9F6802291DBF5276005D9CCB /* Assets.xcassets */; };
		9F68022D1DBF5276005D9CCB /* LaunchScreen.storyboard in Resources */ = {isa = PBXBuildFile; fileRef = 9F68022B1DBF5276005D9CCB /* LaunchScreen.storyboard */; };
		9F6802331DBF54C2005D9CCB /* reader.js in Resources */ = {isa = PBXBuildFile; fileRef = 9F6802321DBF54C2005D9CCB /* reader.js */; };
		9F6802341DBF54C2005D9CCB /* reader.js in Resources */ = {isa = PBXBuildFile; fileRef = 9F6802321DBF54C2005D9CCB /* reader.js */; };
		9F6802361DBF54EA005D9CCB /* Terpentin.swift in Sources */ = {isa = PBXBuildFile; fileRef = 9F6802351DBF54EA005D9CCB /* Terpentin.swift */; };
		9F6802371DBF54EA005D9CCB /* Terpentin.swift in Sources */ = {isa = PBXBuildFile; fileRef = 9F6802351DBF54EA005D9CCB /* Terpentin.swift */; };
		9F68023A1DBF5512005D9CCB /* Test.html in Resources */ = {isa = PBXBuildFile; fileRef = 9F6802381DBF5512005D9CCB /* Test.html */; };
		9F7772901DBF571D001A6A03 /* SweetUIKit.framework in Frameworks */ = {isa = PBXBuildFile; fileRef = 9F77728E1DBF571D001A6A03 /* SweetUIKit.framework */; };
		9F7772911DBF571D001A6A03 /* SweetUIKit.framework.dSYM in Resources */ = {isa = PBXBuildFile; fileRef = 9F77728F1DBF571D001A6A03 /* SweetUIKit.framework.dSYM */; };
		9F7772921DBF57AD001A6A03 /* Terpentin.framework in Frameworks */ = {isa = PBXBuildFile; fileRef = 9F6802021DBF5252005D9CCB /* Terpentin.framework */; };
		9F7772941DBF57BD001A6A03 /* Terpentin.framework in Embed Frameworks */ = {isa = PBXBuildFile; fileRef = 9F6802021DBF5252005D9CCB /* Terpentin.framework */; settings = {ATTRIBUTES = (CodeSignOnCopy, RemoveHeadersOnCopy, ); }; };
		9F7772951DBF5828001A6A03 /* SweetUIKit.framework in Embed Frameworks */ = {isa = PBXBuildFile; fileRef = 9F77728E1DBF571D001A6A03 /* SweetUIKit.framework */; settings = {ATTRIBUTES = (CodeSignOnCopy, RemoveHeadersOnCopy, ); }; };
		9F7772961DBF607F001A6A03 /* Test.html in Resources */ = {isa = PBXBuildFile; fileRef = 9F6802381DBF5512005D9CCB /* Test.html */; };
		9F7772981DBF64C4001A6A03 /* ReadableArticle.swift in Sources */ = {isa = PBXBuildFile; fileRef = 9F7772971DBF64C4001A6A03 /* ReadableArticle.swift */; };
		9F7772991DBF64C4001A6A03 /* ReadableArticle.swift in Sources */ = {isa = PBXBuildFile; fileRef = 9F7772971DBF64C4001A6A03 /* ReadableArticle.swift */; };
		9F77729B1DBF697D001A6A03 /* Test.css in Resources */ = {isa = PBXBuildFile; fileRef = 9F77729A1DBF697D001A6A03 /* Test.css */; };
/* End PBXBuildFile section */

/* Begin PBXContainerItemProxy section */
		9F68020D1DBF5252005D9CCB /* PBXContainerItemProxy */ = {
			isa = PBXContainerItemProxy;
			containerPortal = 9F6801F91DBF5252005D9CCB /* Project object */;
			proxyType = 1;
			remoteGlobalIDString = 9F6802011DBF5252005D9CCB;
			remoteInfo = Terpentin;
		};
/* End PBXContainerItemProxy section */

/* Begin PBXCopyFilesBuildPhase section */
		9F7772931DBF57B1001A6A03 /* Embed Frameworks */ = {
			isa = PBXCopyFilesBuildPhase;
			buildActionMask = 2147483647;
			dstPath = "";
			dstSubfolderSpec = 10;
			files = (
				9F7772941DBF57BD001A6A03 /* Terpentin.framework in Embed Frameworks */,
				9F7772951DBF5828001A6A03 /* SweetUIKit.framework in Embed Frameworks */,
			);
			name = "Embed Frameworks";
			runOnlyForDeploymentPostprocessing = 0;
		};
/* End PBXCopyFilesBuildPhase section */

/* Begin PBXFileReference section */
		9F6802021DBF5252005D9CCB /* Terpentin.framework */ = {isa = PBXFileReference; explicitFileType = wrapper.framework; includeInIndex = 0; path = Terpentin.framework; sourceTree = BUILT_PRODUCTS_DIR; };
		9F6802051DBF5252005D9CCB /* Terpentin.h */ = {isa = PBXFileReference; lastKnownFileType = sourcecode.c.h; path = Terpentin.h; sourceTree = "<group>"; };
		9F6802061DBF5252005D9CCB /* Info.plist */ = {isa = PBXFileReference; lastKnownFileType = text.plist.xml; path = Info.plist; sourceTree = "<group>"; };
		9F68020B1DBF5252005D9CCB /* TerpentinTests.xctest */ = {isa = PBXFileReference; explicitFileType = wrapper.cfbundle; includeInIndex = 0; path = TerpentinTests.xctest; sourceTree = BUILT_PRODUCTS_DIR; };
		9F6802101DBF5252005D9CCB /* TerpentinTests.swift */ = {isa = PBXFileReference; lastKnownFileType = sourcecode.swift; path = TerpentinTests.swift; sourceTree = "<group>"; };
		9F6802121DBF5252005D9CCB /* Info.plist */ = {isa = PBXFileReference; lastKnownFileType = text.plist.xml; path = Info.plist; sourceTree = "<group>"; };
		9F6802201DBF5276005D9CCB /* Demo.app */ = {isa = PBXFileReference; explicitFileType = wrapper.application; includeInIndex = 0; path = Demo.app; sourceTree = BUILT_PRODUCTS_DIR; };
		9F6802221DBF5276005D9CCB /* AppDelegate.swift */ = {isa = PBXFileReference; lastKnownFileType = sourcecode.swift; path = AppDelegate.swift; sourceTree = "<group>"; };
		9F6802241DBF5276005D9CCB /* ViewController.swift */ = {isa = PBXFileReference; lastKnownFileType = sourcecode.swift; path = ViewController.swift; sourceTree = "<group>"; };
		9F6802291DBF5276005D9CCB /* Assets.xcassets */ = {isa = PBXFileReference; lastKnownFileType = folder.assetcatalog; path = Assets.xcassets; sourceTree = "<group>"; };
		9F68022C1DBF5276005D9CCB /* Base */ = {isa = PBXFileReference; lastKnownFileType = file.storyboard; name = Base; path = Base.lproj/LaunchScreen.storyboard; sourceTree = "<group>"; };
		9F68022E1DBF5276005D9CCB /* Info.plist */ = {isa = PBXFileReference; lastKnownFileType = text.plist.xml; path = Info.plist; sourceTree = "<group>"; };
		9F6802321DBF54C2005D9CCB /* reader.js */ = {isa = PBXFileReference; fileEncoding = 4; lastKnownFileType = sourcecode.javascript; path = reader.js; sourceTree = "<group>"; };
		9F6802351DBF54EA005D9CCB /* Terpentin.swift */ = {isa = PBXFileReference; fileEncoding = 4; lastKnownFileType = sourcecode.swift; path = Terpentin.swift; sourceTree = "<group>"; };
		9F6802381DBF5512005D9CCB /* Test.html */ = {isa = PBXFileReference; fileEncoding = 4; lastKnownFileType = text.html; path = Test.html; sourceTree = "<group>"; };
		9F77728E1DBF571D001A6A03 /* SweetUIKit.framework */ = {isa = PBXFileReference; lastKnownFileType = wrapper.framework; path = SweetUIKit.framework; sourceTree = "<group>"; };
		9F77728F1DBF571D001A6A03 /* SweetUIKit.framework.dSYM */ = {isa = PBXFileReference; lastKnownFileType = wrapper.dsym; path = SweetUIKit.framework.dSYM; sourceTree = "<group>"; };
		9F7772971DBF64C4001A6A03 /* ReadableArticle.swift */ = {isa = PBXFileReference; fileEncoding = 4; lastKnownFileType = sourcecode.swift; path = ReadableArticle.swift; sourceTree = "<group>"; };
		9F77729A1DBF697D001A6A03 /* Test.css */ = {isa = PBXFileReference; fileEncoding = 4; lastKnownFileType = text.css; path = Test.css; sourceTree = "<group>"; };
/* End PBXFileReference section */

/* Begin PBXFrameworksBuildPhase section */
		9F6801FE1DBF5252005D9CCB /* Frameworks */ = {
			isa = PBXFrameworksBuildPhase;
			buildActionMask = 2147483647;
			files = (
			);
			runOnlyForDeploymentPostprocessing = 0;
		};
		9F6802081DBF5252005D9CCB /* Frameworks */ = {
			isa = PBXFrameworksBuildPhase;
			buildActionMask = 2147483647;
			files = (
				9F68020C1DBF5252005D9CCB /* Terpentin.framework in Frameworks */,
			);
			runOnlyForDeploymentPostprocessing = 0;
		};
		9F68021D1DBF5276005D9CCB /* Frameworks */ = {
			isa = PBXFrameworksBuildPhase;
			buildActionMask = 2147483647;
			files = (
				9F7772901DBF571D001A6A03 /* SweetUIKit.framework in Frameworks */,
				9F7772921DBF57AD001A6A03 /* Terpentin.framework in Frameworks */,
			);
			runOnlyForDeploymentPostprocessing = 0;
		};
/* End PBXFrameworksBuildPhase section */

/* Begin PBXGroup section */
		9F6801F81DBF5252005D9CCB = {
			isa = PBXGroup;
			children = (
				9F6802041DBF5252005D9CCB /* Source */,
				9F68020F1DBF5252005D9CCB /* Tests */,
				9F6802211DBF5276005D9CCB /* Demo */,
				9F6802031DBF5252005D9CCB /* Products */,
			);
			sourceTree = "<group>";
		};
		9F6802031DBF5252005D9CCB /* Products */ = {
			isa = PBXGroup;
			children = (
				9F6802021DBF5252005D9CCB /* Terpentin.framework */,
				9F68020B1DBF5252005D9CCB /* TerpentinTests.xctest */,
				9F6802201DBF5276005D9CCB /* Demo.app */,
			);
			name = Products;
			sourceTree = "<group>";
		};
		9F6802041DBF5252005D9CCB /* Source */ = {
			isa = PBXGroup;
			children = (
				9F6802321DBF54C2005D9CCB /* reader.js */,
				9F6802051DBF5252005D9CCB /* Terpentin.h */,
				9F6802061DBF5252005D9CCB /* Info.plist */,
				9F6802351DBF54EA005D9CCB /* Terpentin.swift */,
				9F7772971DBF64C4001A6A03 /* ReadableArticle.swift */,
			);
			path = Source;
			sourceTree = "<group>";
		};
		9F68020F1DBF5252005D9CCB /* Tests */ = {
			isa = PBXGroup;
			children = (
				9F6802101DBF5252005D9CCB /* TerpentinTests.swift */,
				9F6802121DBF5252005D9CCB /* Info.plist */,
			);
			path = Tests;
			sourceTree = "<group>";
		};
		9F6802211DBF5276005D9CCB /* Demo */ = {
			isa = PBXGroup;
			children = (
				9F6802381DBF5512005D9CCB /* Test.html */,
				9F77729A1DBF697D001A6A03 /* Test.css */,
				9F6802221DBF5276005D9CCB /* AppDelegate.swift */,
				9F6802241DBF5276005D9CCB /* ViewController.swift */,
				9F6802291DBF5276005D9CCB /* Assets.xcassets */,
				9F68022B1DBF5276005D9CCB /* LaunchScreen.storyboard */,
				9F68022E1DBF5276005D9CCB /* Info.plist */,
				9F77728E1DBF571D001A6A03 /* SweetUIKit.framework */,
				9F77728F1DBF571D001A6A03 /* SweetUIKit.framework.dSYM */,
			);
			path = Demo;
			sourceTree = "<group>";
		};
/* End PBXGroup section */

/* Begin PBXHeadersBuildPhase section */
		9F6801FF1DBF5252005D9CCB /* Headers */ = {
			isa = PBXHeadersBuildPhase;
			buildActionMask = 2147483647;
			files = (
				9F6802131DBF5252005D9CCB /* Terpentin.h in Headers */,
			);
			runOnlyForDeploymentPostprocessing = 0;
		};
/* End PBXHeadersBuildPhase section */

/* Begin PBXNativeTarget section */
		9F6802011DBF5252005D9CCB /* Terpentin */ = {
			isa = PBXNativeTarget;
			buildConfigurationList = 9F6802161DBF5252005D9CCB /* Build configuration list for PBXNativeTarget "Terpentin" */;
			buildPhases = (
				9F6801FD1DBF5252005D9CCB /* Sources */,
				9F6801FE1DBF5252005D9CCB /* Frameworks */,
				9F6801FF1DBF5252005D9CCB /* Headers */,
				9F6802001DBF5252005D9CCB /* Resources */,
			);
			buildRules = (
			);
			dependencies = (
			);
			name = Terpentin;
			productName = Terpentin;
			productReference = 9F6802021DBF5252005D9CCB /* Terpentin.framework */;
			productType = "com.apple.product-type.framework";
		};
		9F68020A1DBF5252005D9CCB /* TerpentinTests */ = {
			isa = PBXNativeTarget;
			buildConfigurationList = 9F6802191DBF5252005D9CCB /* Build configuration list for PBXNativeTarget "TerpentinTests" */;
			buildPhases = (
				9F6802071DBF5252005D9CCB /* Sources */,
				9F6802081DBF5252005D9CCB /* Frameworks */,
				9F6802091DBF5252005D9CCB /* Resources */,
			);
			buildRules = (
			);
			dependencies = (
				9F68020E1DBF5252005D9CCB /* PBXTargetDependency */,
			);
			name = TerpentinTests;
			productName = TerpentinTests;
			productReference = 9F68020B1DBF5252005D9CCB /* TerpentinTests.xctest */;
			productType = "com.apple.product-type.bundle.unit-test";
		};
		9F68021F1DBF5276005D9CCB /* Demo */ = {
			isa = PBXNativeTarget;
			buildConfigurationList = 9F68022F1DBF5276005D9CCB /* Build configuration list for PBXNativeTarget "Demo" */;
			buildPhases = (
				9F68021C1DBF5276005D9CCB /* Sources */,
				9F68021D1DBF5276005D9CCB /* Frameworks */,
				9F68021E1DBF5276005D9CCB /* Resources */,
				9F7772931DBF57B1001A6A03 /* Embed Frameworks */,
			);
			buildRules = (
			);
			dependencies = (
			);
			name = Demo;
			productName = Demo;
			productReference = 9F6802201DBF5276005D9CCB /* Demo.app */;
			productType = "com.apple.product-type.application";
		};
/* End PBXNativeTarget section */

/* Begin PBXProject section */
		9F6801F91DBF5252005D9CCB /* Project object */ = {
			isa = PBXProject;
			attributes = {
				LastSwiftUpdateCheck = 0810;
				LastUpgradeCheck = 0810;
				ORGANIZATIONNAME = "Bakken & Bæck";
				TargetAttributes = {
					9F6802011DBF5252005D9CCB = {
						CreatedOnToolsVersion = 8.1;
						DevelopmentTeam = 29X3GG489T;
						LastSwiftMigration = 0810;
						ProvisioningStyle = Automatic;
					};
					9F68020A1DBF5252005D9CCB = {
						CreatedOnToolsVersion = 8.1;
						DevelopmentTeam = 29X3GG489T;
						ProvisioningStyle = Automatic;
					};
					9F68021F1DBF5276005D9CCB = {
						CreatedOnToolsVersion = 8.1;
						DevelopmentTeam = 29X3GG489T;
						ProvisioningStyle = Automatic;
					};
				};
			};
			buildConfigurationList = 9F6801FC1DBF5252005D9CCB /* Build configuration list for PBXProject "Demo" */;
			compatibilityVersion = "Xcode 3.2";
			developmentRegion = English;
			hasScannedForEncodings = 0;
			knownRegions = (
				en,
				Base,
			);
			mainGroup = 9F6801F81DBF5252005D9CCB;
			productRefGroup = 9F6802031DBF5252005D9CCB /* Products */;
			projectDirPath = "";
			projectRoot = "";
			targets = (
				9F6802011DBF5252005D9CCB /* Terpentin */,
				9F68020A1DBF5252005D9CCB /* TerpentinTests */,
				9F68021F1DBF5276005D9CCB /* Demo */,
			);
		};
/* End PBXProject section */

/* Begin PBXResourcesBuildPhase section */
		9F6802001DBF5252005D9CCB /* Resources */ = {
			isa = PBXResourcesBuildPhase;
			buildActionMask = 2147483647;
			files = (
				9F6802331DBF54C2005D9CCB /* reader.js in Resources */,
			);
			runOnlyForDeploymentPostprocessing = 0;
		};
		9F6802091DBF5252005D9CCB /* Resources */ = {
			isa = PBXResourcesBuildPhase;
			buildActionMask = 2147483647;
			files = (
				9F68023A1DBF5512005D9CCB /* Test.html in Resources */,
				9F6802341DBF54C2005D9CCB /* reader.js in Resources */,
			);
			runOnlyForDeploymentPostprocessing = 0;
		};
		9F68021E1DBF5276005D9CCB /* Resources */ = {
			isa = PBXResourcesBuildPhase;
			buildActionMask = 2147483647;
			files = (
				9F68022D1DBF5276005D9CCB /* LaunchScreen.storyboard in Resources */,
				9F7772911DBF571D001A6A03 /* SweetUIKit.framework.dSYM in Resources */,
				9F77729B1DBF697D001A6A03 /* Test.css in Resources */,
				9F7772961DBF607F001A6A03 /* Test.html in Resources */,
				9F68022A1DBF5276005D9CCB /* Assets.xcassets in Resources */,
			);
			runOnlyForDeploymentPostprocessing = 0;
		};
/* End PBXResourcesBuildPhase section */

/* Begin PBXSourcesBuildPhase section */
		9F6801FD1DBF5252005D9CCB /* Sources */ = {
			isa = PBXSourcesBuildPhase;
			buildActionMask = 2147483647;
			files = (
				9F7772981DBF64C4001A6A03 /* ReadableArticle.swift in Sources */,
				9F6802361DBF54EA005D9CCB /* Terpentin.swift in Sources */,
			);
			runOnlyForDeploymentPostprocessing = 0;
		};
		9F6802071DBF5252005D9CCB /* Sources */ = {
			isa = PBXSourcesBuildPhase;
			buildActionMask = 2147483647;
			files = (
				9F7772991DBF64C4001A6A03 /* ReadableArticle.swift in Sources */,
				9F6802111DBF5252005D9CCB /* TerpentinTests.swift in Sources */,
				9F6802371DBF54EA005D9CCB /* Terpentin.swift in Sources */,
			);
			runOnlyForDeploymentPostprocessing = 0;
		};
		9F68021C1DBF5276005D9CCB /* Sources */ = {
			isa = PBXSourcesBuildPhase;
			buildActionMask = 2147483647;
			files = (
				9F6802251DBF5276005D9CCB /* ViewController.swift in Sources */,
				9F6802231DBF5276005D9CCB /* AppDelegate.swift in Sources */,
			);
			runOnlyForDeploymentPostprocessing = 0;
		};
/* End PBXSourcesBuildPhase section */

/* Begin PBXTargetDependency section */
		9F68020E1DBF5252005D9CCB /* PBXTargetDependency */ = {
			isa = PBXTargetDependency;
			target = 9F6802011DBF5252005D9CCB /* Terpentin */;
			targetProxy = 9F68020D1DBF5252005D9CCB /* PBXContainerItemProxy */;
		};
/* End PBXTargetDependency section */

/* Begin PBXVariantGroup section */
		9F68022B1DBF5276005D9CCB /* LaunchScreen.storyboard */ = {
			isa = PBXVariantGroup;
			children = (
				9F68022C1DBF5276005D9CCB /* Base */,
			);
			name = LaunchScreen.storyboard;
			sourceTree = "<group>";
		};
/* End PBXVariantGroup section */

/* Begin XCBuildConfiguration section */
		9F6802141DBF5252005D9CCB /* Debug */ = {
			isa = XCBuildConfiguration;
			buildSettings = {
				ALWAYS_SEARCH_USER_PATHS = NO;
				CLANG_ANALYZER_NONNULL = YES;
				CLANG_CXX_LANGUAGE_STANDARD = "gnu++0x";
				CLANG_CXX_LIBRARY = "libc++";
				CLANG_ENABLE_MODULES = YES;
				CLANG_ENABLE_OBJC_ARC = YES;
				CLANG_WARN_BOOL_CONVERSION = YES;
				CLANG_WARN_CONSTANT_CONVERSION = YES;
				CLANG_WARN_DIRECT_OBJC_ISA_USAGE = YES_ERROR;
				CLANG_WARN_DOCUMENTATION_COMMENTS = YES;
				CLANG_WARN_EMPTY_BODY = YES;
				CLANG_WARN_ENUM_CONVERSION = YES;
				CLANG_WARN_INFINITE_RECURSION = YES;
				CLANG_WARN_INT_CONVERSION = YES;
				CLANG_WARN_OBJC_ROOT_CLASS = YES_ERROR;
				CLANG_WARN_SUSPICIOUS_MOVES = YES;
				CLANG_WARN_UNREACHABLE_CODE = YES;
				CLANG_WARN__DUPLICATE_METHOD_MATCH = YES;
				"CODE_SIGN_IDENTITY[sdk=iphoneos*]" = "iPhone Developer";
				COPY_PHASE_STRIP = NO;
				CURRENT_PROJECT_VERSION = 1;
				DEBUG_INFORMATION_FORMAT = dwarf;
				ENABLE_STRICT_OBJC_MSGSEND = YES;
				ENABLE_TESTABILITY = YES;
				GCC_C_LANGUAGE_STANDARD = gnu99;
				GCC_DYNAMIC_NO_PIC = NO;
				GCC_NO_COMMON_BLOCKS = YES;
				GCC_OPTIMIZATION_LEVEL = 0;
				GCC_PREPROCESSOR_DEFINITIONS = (
					"DEBUG=1",
					"$(inherited)",
				);
				GCC_WARN_64_TO_32_BIT_CONVERSION = YES;
				GCC_WARN_ABOUT_RETURN_TYPE = YES_ERROR;
				GCC_WARN_UNDECLARED_SELECTOR = YES;
				GCC_WARN_UNINITIALIZED_AUTOS = YES_AGGRESSIVE;
				GCC_WARN_UNUSED_FUNCTION = YES;
				GCC_WARN_UNUSED_VARIABLE = YES;
				IPHONEOS_DEPLOYMENT_TARGET = 10.1;
				MTL_ENABLE_DEBUG_INFO = YES;
				ONLY_ACTIVE_ARCH = YES;
				SDKROOT = iphoneos;
				SWIFT_ACTIVE_COMPILATION_CONDITIONS = DEBUG;
				SWIFT_OPTIMIZATION_LEVEL = "-Onone";
				TARGETED_DEVICE_FAMILY = "1,2";
				VERSIONING_SYSTEM = "apple-generic";
				VERSION_INFO_PREFIX = "";
			};
			name = Debug;
		};
		9F6802151DBF5252005D9CCB /* Release */ = {
			isa = XCBuildConfiguration;
			buildSettings = {
				ALWAYS_SEARCH_USER_PATHS = NO;
				CLANG_ANALYZER_NONNULL = YES;
				CLANG_CXX_LANGUAGE_STANDARD = "gnu++0x";
				CLANG_CXX_LIBRARY = "libc++";
				CLANG_ENABLE_MODULES = YES;
				CLANG_ENABLE_OBJC_ARC = YES;
				CLANG_WARN_BOOL_CONVERSION = YES;
				CLANG_WARN_CONSTANT_CONVERSION = YES;
				CLANG_WARN_DIRECT_OBJC_ISA_USAGE = YES_ERROR;
				CLANG_WARN_DOCUMENTATION_COMMENTS = YES;
				CLANG_WARN_EMPTY_BODY = YES;
				CLANG_WARN_ENUM_CONVERSION = YES;
				CLANG_WARN_INFINITE_RECURSION = YES;
				CLANG_WARN_INT_CONVERSION = YES;
				CLANG_WARN_OBJC_ROOT_CLASS = YES_ERROR;
				CLANG_WARN_SUSPICIOUS_MOVES = YES;
				CLANG_WARN_UNREACHABLE_CODE = YES;
				CLANG_WARN__DUPLICATE_METHOD_MATCH = YES;
				"CODE_SIGN_IDENTITY[sdk=iphoneos*]" = "iPhone Developer";
				COPY_PHASE_STRIP = NO;
				CURRENT_PROJECT_VERSION = 1;
				DEBUG_INFORMATION_FORMAT = "dwarf-with-dsym";
				ENABLE_NS_ASSERTIONS = NO;
				ENABLE_STRICT_OBJC_MSGSEND = YES;
				GCC_C_LANGUAGE_STANDARD = gnu99;
				GCC_NO_COMMON_BLOCKS = YES;
				GCC_WARN_64_TO_32_BIT_CONVERSION = YES;
				GCC_WARN_ABOUT_RETURN_TYPE = YES_ERROR;
				GCC_WARN_UNDECLARED_SELECTOR = YES;
				GCC_WARN_UNINITIALIZED_AUTOS = YES_AGGRESSIVE;
				GCC_WARN_UNUSED_FUNCTION = YES;
				GCC_WARN_UNUSED_VARIABLE = YES;
				IPHONEOS_DEPLOYMENT_TARGET = 10.1;
				MTL_ENABLE_DEBUG_INFO = NO;
				SDKROOT = iphoneos;
				SWIFT_OPTIMIZATION_LEVEL = "-Owholemodule";
				TARGETED_DEVICE_FAMILY = "1,2";
				VALIDATE_PRODUCT = YES;
				VERSIONING_SYSTEM = "apple-generic";
				VERSION_INFO_PREFIX = "";
			};
			name = Release;
		};
		9F6802171DBF5252005D9CCB /* Debug */ = {
			isa = XCBuildConfiguration;
			buildSettings = {
				CLANG_ENABLE_MODULES = YES;
				CODE_SIGN_IDENTITY = "";
				DEFINES_MODULE = YES;
				DEVELOPMENT_TEAM = 29X3GG489T;
				DYLIB_COMPATIBILITY_VERSION = 1;
				DYLIB_CURRENT_VERSION = 1;
				DYLIB_INSTALL_NAME_BASE = "@rpath";
				INFOPLIST_FILE = Terpentin/Info.plist;
				INSTALL_PATH = "$(LOCAL_LIBRARY_DIR)/Frameworks";
				LD_RUNPATH_SEARCH_PATHS = "$(inherited) @executable_path/Frameworks @loader_path/Frameworks";
				PRODUCT_BUNDLE_IDENTIFIER = no.bakkenbaeck.Terpentin;
				PRODUCT_NAME = "$(TARGET_NAME)";
				SKIP_INSTALL = YES;
				SWIFT_OPTIMIZATION_LEVEL = "-Onone";
				SWIFT_VERSION = 3.0;
			};
			name = Debug;
		};
		9F6802181DBF5252005D9CCB /* Release */ = {
			isa = XCBuildConfiguration;
			buildSettings = {
				CLANG_ENABLE_MODULES = YES;
				CODE_SIGN_IDENTITY = "";
				DEFINES_MODULE = YES;
				DEVELOPMENT_TEAM = 29X3GG489T;
				DYLIB_COMPATIBILITY_VERSION = 1;
				DYLIB_CURRENT_VERSION = 1;
				DYLIB_INSTALL_NAME_BASE = "@rpath";
				INFOPLIST_FILE = Terpentin/Info.plist;
				INSTALL_PATH = "$(LOCAL_LIBRARY_DIR)/Frameworks";
				LD_RUNPATH_SEARCH_PATHS = "$(inherited) @executable_path/Frameworks @loader_path/Frameworks";
				PRODUCT_BUNDLE_IDENTIFIER = no.bakkenbaeck.Terpentin;
				PRODUCT_NAME = "$(TARGET_NAME)";
				SKIP_INSTALL = YES;
				SWIFT_VERSION = 3.0;
			};
			name = Release;
		};
		9F68021A1DBF5252005D9CCB /* Debug */ = {
			isa = XCBuildConfiguration;
			buildSettings = {
				ALWAYS_EMBED_SWIFT_STANDARD_LIBRARIES = YES;
				DEVELOPMENT_TEAM = 29X3GG489T;
				INFOPLIST_FILE = TerpentinTests/Info.plist;
				LD_RUNPATH_SEARCH_PATHS = "$(inherited) @executable_path/Frameworks @loader_path/Frameworks";
				PRODUCT_BUNDLE_IDENTIFIER = no.bakkenbaeck.TerpentinTests;
				PRODUCT_NAME = "$(TARGET_NAME)";
				SWIFT_VERSION = 3.0;
			};
			name = Debug;
		};
		9F68021B1DBF5252005D9CCB /* Release */ = {
			isa = XCBuildConfiguration;
			buildSettings = {
				ALWAYS_EMBED_SWIFT_STANDARD_LIBRARIES = YES;
				DEVELOPMENT_TEAM = 29X3GG489T;
				INFOPLIST_FILE = TerpentinTests/Info.plist;
				LD_RUNPATH_SEARCH_PATHS = "$(inherited) @executable_path/Frameworks @loader_path/Frameworks";
				PRODUCT_BUNDLE_IDENTIFIER = no.bakkenbaeck.TerpentinTests;
				PRODUCT_NAME = "$(TARGET_NAME)";
				SWIFT_VERSION = 3.0;
			};
			name = Release;
		};
		9F6802301DBF5276005D9CCB /* Debug */ = {
			isa = XCBuildConfiguration;
			buildSettings = {
				ASSETCATALOG_COMPILER_APPICON_NAME = AppIcon;
				DEVELOPMENT_TEAM = 29X3GG489T;
				FRAMEWORK_SEARCH_PATHS = (
					"$(inherited)",
					"$(PROJECT_DIR)/Demo",
				);
				INFOPLIST_FILE = Demo/Info.plist;
				LD_RUNPATH_SEARCH_PATHS = "$(inherited) @executable_path/Frameworks";
				PRODUCT_BUNDLE_IDENTIFIER = no.bakkenbaeck.Demo;
				PRODUCT_NAME = "$(TARGET_NAME)";
				SWIFT_VERSION = 3.0;
			};
			name = Debug;
		};
		9F6802311DBF5276005D9CCB /* Release */ = {
			isa = XCBuildConfiguration;
			buildSettings = {
				ASSETCATALOG_COMPILER_APPICON_NAME = AppIcon;
				DEVELOPMENT_TEAM = 29X3GG489T;
				FRAMEWORK_SEARCH_PATHS = (
					"$(inherited)",
					"$(PROJECT_DIR)/Demo",
				);
				INFOPLIST_FILE = Demo/Info.plist;
				LD_RUNPATH_SEARCH_PATHS = "$(inherited) @executable_path/Frameworks";
				PRODUCT_BUNDLE_IDENTIFIER = no.bakkenbaeck.Demo;
				PRODUCT_NAME = "$(TARGET_NAME)";
				SWIFT_VERSION = 3.0;
			};
			name = Release;
		};
/* End XCBuildConfiguration section */

/* Begin XCConfigurationList section */
		9F6801FC1DBF5252005D9CCB /* Build configuration list for PBXProject "Demo" */ = {
			isa = XCConfigurationList;
			buildConfigurations = (
				9F6802141DBF5252005D9CCB /* Debug */,
				9F6802151DBF5252005D9CCB /* Release */,
			);
			defaultConfigurationIsVisible = 0;
			defaultConfigurationName = Release;
		};
		9F6802161DBF5252005D9CCB /* Build configuration list for PBXNativeTarget "Terpentin" */ = {
			isa = XCConfigurationList;
			buildConfigurations = (
				9F6802171DBF5252005D9CCB /* Debug */,
				9F6802181DBF5252005D9CCB /* Release */,
			);
			defaultConfigurationIsVisible = 0;
			defaultConfigurationName = Release;
		};
		9F6802191DBF5252005D9CCB /* Build configuration list for PBXNativeTarget "TerpentinTests" */ = {
			isa = XCConfigurationList;
			buildConfigurations = (
				9F68021A1DBF5252005D9CCB /* Debug */,
				9F68021B1DBF5252005D9CCB /* Release */,
			);
			defaultConfigurationIsVisible = 0;
			defaultConfigurationName = Release;
		};
		9F68022F1DBF5276005D9CCB /* Build configuration list for PBXNativeTarget "Demo" */ = {
			isa = XCConfigurationList;
			buildConfigurations = (
				9F6802301DBF5276005D9CCB /* Debug */,
				9F6802311DBF5276005D9CCB /* Release */,
			);
			defaultConfigurationIsVisible = 0;
			defaultConfigurationName = Release;
		};
/* End XCConfigurationList section */
	};
	rootObject = 9F6801F91DBF5252005D9CCB /* Project object */;
}
